{
  "name": "scrapping",
  "version": "0.0.1",
  "lockfileVersion": 1,
  "requires": true,
  "dependencies": {
    "body-parser": {
      "version": "1.10.0",
      "resolved": "https://registry.npmjs.org/body-parser/-/body-parser-1.10.0.tgz",
      "integrity": "sha1-+ITRGDmvCePGHlARBZ4py/5FIIU=",
      "requires": {
        "bytes": "1.0.0",
        "depd": "1.0.0",
        "iconv-lite": "0.4.5",
        "media-typer": "0.3.0",
        "on-finished": "2.1.1",
        "qs": "2.3.3",
        "raw-body": "1.3.1",
        "type-is": "1.5.4"
      },
      "dependencies": {
        "bytes": {
          "version": "1.0.0",
          "resolved": "https://registry.npmjs.org/bytes/-/bytes-1.0.0.tgz",
          "integrity": "sha1-NWnt6Lo0MV+rmcPpLLBMciDeH6g="
        },
        "depd": {
          "version": "1.0.0",
          "resolved": "https://registry.npmjs.org/depd/-/depd-1.0.0.tgz",
          "integrity": "sha1-L9oNAOmKrihF1Jkasb8fKhmQc9U="
        },
        "iconv-lite": {
          "version": "0.4.5",
          "resolved": "https://registry.npmjs.org/iconv-lite/-/iconv-lite-0.4.5.tgz",
          "integrity": "sha1-nFdLcMMNYVhZ8gZNK+QzWtaxqNY="
        },
        "media-typer": {
          "version": "0.3.0",
          "resolved": "https://registry.npmjs.org/media-typer/-/media-typer-0.3.0.tgz",
          "integrity": "sha1-hxDXrwqmJvj/+hzgAWhUUmMlV0g="
        },
        "on-finished": {
          "version": "2.1.1",
          "resolved": "https://registry.npmjs.org/on-finished/-/on-finished-2.1.1.tgz",
          "integrity": "sha1-+CyhyeOk8yhrG5k4YQ5bhja9PLI=",
          "requires": {
            "ee-first": "1.1.0"
          },
          "dependencies": {
            "ee-first": {
              "version": "1.1.0",
              "resolved": "https://registry.npmjs.org/ee-first/-/ee-first-1.1.0.tgz",
              "integrity": "sha1-ag18YiHkkP7v2S7D9EHJzozQl/Q="
            }
          }
        },
        "qs": {
          "version": "2.3.3",
          "resolved": "https://registry.npmjs.org/qs/-/qs-2.3.3.tgz",
          "integrity": "sha1-6eha2+ddoLvkyOBHaghikPhjtAQ="
        },
        "raw-body": {
          "version": "1.3.1",
          "resolved": "https://registry.npmjs.org/raw-body/-/raw-body-1.3.1.tgz",
          "integrity": "sha1-JqFJEFkIb9EhlCIy0WdYzSgX+BU=",
          "requires": {
            "bytes": "1.0.0",
            "iconv-lite": "0.4.5"
          }
        },
        "type-is": {
          "version": "1.5.4",
          "resolved": "https://registry.npmjs.org/type-is/-/type-is-1.5.4.tgz",
          "integrity": "sha1-8q/oY13PLRWQliAr5uEgQj+hmDc=",
          "requires": {
            "media-typer": "0.3.0",
            "mime-types": "2.0.4"
          },
          "dependencies": {
            "mime-types": {
              "version": "2.0.4",
              "resolved": "https://registry.npmjs.org/mime-types/-/mime-types-2.0.4.tgz",
              "integrity": "sha1-hVphKXkUHYBrpRBClKKMcxxup5A=",
              "requires": {
                "mime-db": "1.3.0"
              },
              "dependencies": {
                "mime-db": {
                  "version": "1.3.0",
                  "resolved": "https://registry.npmjs.org/mime-db/-/mime-db-1.3.0.tgz",
                  "integrity": "sha1-X+/rJd2bCXxdRQkcYPgUm5jXSew="
                }
              }
            }
          }
        }
      }
    },
    "cheerio": {
      "version": "0.17.0",
      "resolved": "https://registry.npmjs.org/cheerio/-/cheerio-0.17.0.tgz",
      "integrity": "sha1-+lrkLMYBIRM9KW0LRtmDIV9yaOo=",
      "requires": {
        "CSSselect": "0.4.1",
        "dom-serializer": "0.0.1",
        "entities": "1.1.1",
        "htmlparser2": "3.7.3",
        "lodash": "2.4.1"
      },
      "dependencies": {
        "CSSselect": {
          "version": "0.4.1",
          "resolved": "https://registry.npmjs.org/CSSselect/-/CSSselect-0.4.1.tgz",
          "integrity": "sha1-+Kt+H4QYzmPNput713ioXX7EkrI=",
          "requires": {
            "CSSwhat": "0.4.7",
            "domutils": "1.4.3"
          },
          "dependencies": {
            "CSSwhat": {
              "version": "0.4.7",
              "resolved": "https://registry.npmjs.org/CSSwhat/-/CSSwhat-0.4.7.tgz",
              "integrity": "sha1-hn2g/zn3eGEyQsRM/qg/CqTr35s="
            },
            "domutils": {
              "version": "1.4.3",
              "resolved": "https://registry.npmjs.org/domutils/-/domutils-1.4.3.tgz",
              "integrity": "sha1-CGVRN5bGswYDGFDhdVFrr4C3Km8=",
              "requires": {
                "domelementtype": "1.1.1"
              },
              "dependencies": {
                "domelementtype": {
                  "version": "1.1.1",
                  "resolved": "https://registry.npmjs.org/domelementtype/-/domelementtype-1.1.1.tgz",
                  "integrity": "sha1-eIesvadhS7Cj2+G145T3eo7Sl88="
                }
              }
            }
          }
        },
        "dom-serializer": {
          "version": "0.0.1",
          "resolved": "https://registry.npmjs.org/dom-serializer/-/dom-serializer-0.0.1.tgz",
          "integrity": "sha1-lYmCfx4y0iw3yCmtq9WbMkevjq8=",
          "requires": {
            "domelementtype": "1.1.1",
            "entities": "1.1.1"
          },
          "dependencies": {
            "domelementtype": {
              "version": "1.1.1",
              "resolved": "https://registry.npmjs.org/domelementtype/-/domelementtype-1.1.1.tgz",
              "integrity": "sha1-eIesvadhS7Cj2+G145T3eo7Sl88="
            }
          }
        },
        "entities": {
          "version": "1.1.1",
          "resolved": "https://registry.npmjs.org/entities/-/entities-1.1.1.tgz",
          "integrity": "sha1-blwtClYhtdra7O+AuQ7ftc13cvA="
        },
        "htmlparser2": {
          "version": "3.7.3",
          "resolved": "https://registry.npmjs.org/htmlparser2/-/htmlparser2-3.7.3.tgz",
          "integrity": "sha1-amTHdjfAjG8w7CqBV6UzM758sF4=",
          "requires": {
            "domelementtype": "1.1.1",
            "domhandler": "2.2.0",
            "domutils": "1.5.0",
            "entities": "1.0.0",
            "readable-stream": "1.1.13"
          },
          "dependencies": {
            "domelementtype": {
              "version": "1.1.1",
              "resolved": "https://registry.npmjs.org/domelementtype/-/domelementtype-1.1.1.tgz",
              "integrity": "sha1-eIesvadhS7Cj2+G145T3eo7Sl88="
            },
            "domhandler": {
              "version": "2.2.0",
              "resolved": "https://registry.npmjs.org/domhandler/-/domhandler-2.2.0.tgz",
              "integrity": "sha1-rJ/r+piANLQ/eLoFbr9703NBZHY=",
              "requires": {
                "domelementtype": "1.1.1"
              }
            },
            "domutils": {
              "version": "1.5.0",
              "resolved": "https://registry.npmjs.org/domutils/-/domutils-1.5.0.tgz",
              "integrity": "sha1-v6TOuLerb5Qj/lkVTgTabMP/OUk=",
              "requires": {
                "domelementtype": "1.1.1"
              }
            },
            "entities": {
              "version": "1.0.0",
              "resolved": "https://registry.npmjs.org/entities/-/entities-1.0.0.tgz",
              "integrity": "sha1-sph6o4ITR/zeZCsk/fyeT7cSvyY="
            },
            "readable-stream": {
              "version": "1.1.13",
              "resolved": "https://registry.npmjs.org/readable-stream/-/readable-stream-1.1.13.tgz",
              "integrity": "sha1-9u73ZPUUyJ4rniMUanW6EGdW0j4=",
              "requires": {
                "core-util-is": "1.0.1",
                "inherits": "2.0.1",
                "isarray": "0.0.1",
                "string_decoder": "0.10.31"
              },
              "dependencies": {
                "core-util-is": {
                  "version": "1.0.1",
                  "resolved": "https://registry.npmjs.org/core-util-is/-/core-util-is-1.0.1.tgz",
                  "integrity": "sha1-awcIWu+aPMrG7lO/nT3wwVIaVTg="
                },
                "inherits": {
                  "version": "2.0.1",
                  "resolved": "https://registry.npmjs.org/inherits/-/inherits-2.0.1.tgz",
                  "integrity": "sha1-sX0I0ya0Qj5Wjv9xn5GwscvfafE="
                },
                "isarray": {
                  "version": "0.0.1",
                  "resolved": "https://registry.npmjs.org/isarray/-/isarray-0.0.1.tgz",
                  "integrity": "sha1-ihis/Kmo9Bd+Cav8YDiTmwXR7t8="
                },
                "string_decoder": {
                  "version": "0.10.31",
                  "resolved": "https://registry.npmjs.org/string_decoder/-/string_decoder-0.10.31.tgz",
                  "integrity": "sha1-YuIDvEF2bGwoyfyEMB2rHFMQ+pQ="
                }
              }
            }
          }
        },
        "lodash": {
          "version": "2.4.1",
          "resolved": "https://registry.npmjs.org/lodash/-/lodash-2.4.1.tgz",
          "integrity": "sha1-W3cjA03aTSYuWkb7LFjXzCL3FCA="
        }
      }
    },
    "core-util-is": {
      "version": "1.0.2",
      "resolved": "https://registry.npmjs.org/core-util-is/-/core-util-is-1.0.2.tgz",
      "integrity": "sha1-tf1UIgqivFq1eqtxQMlAdUUDwac="
    },
    "express": {
      "version": "4.10.6",
      "resolved": "https://registry.npmjs.org/express/-/express-4.10.6.tgz",
      "integrity": "sha1-qQFZeczzixGjnA9ybc9sS4Wk51g=",
      "requires": {
        "accepts": "1.1.4",
        "content-disposition": "0.5.0",
        "cookie": "0.1.2",
        "cookie-signature": "1.0.5",
        "debug": "2.1.0",
        "depd": "1.0.0",
        "escape-html": "1.0.1",
        "etag": "1.5.1",
        "finalhandler": "0.3.2",
        "fresh": "0.2.4",
        "media-typer": "0.3.0",
        "merge-descriptors": "0.0.2",
        "methods": "1.1.0",
        "on-finished": "2.1.1",
        "parseurl": "1.3.0",
        "path-to-regexp": "0.1.3",
        "proxy-addr": "1.0.4",
        "qs": "2.3.3",
        "range-parser": "1.0.2",
        "send": "0.10.1",
        "serve-static": "1.7.1",
        "type-is": "1.5.4",
        "utils-merge": "1.0.0",
        "vary": "1.0.0"
      },
      "dependencies": {
        "accepts": {
          "version": "1.1.4",
          "resolved": "https://registry.npmjs.org/accepts/-/accepts-1.1.4.tgz",
          "integrity": "sha1-1xyW99QdD+2iw4zRToonwEFY30o=",
          "requires": {
            "mime-types": "2.0.4",
            "negotiator": "0.4.9"
          },
          "dependencies": {
            "mime-types": {
              "version": "2.0.4",
              "resolved": "https://registry.npmjs.org/mime-types/-/mime-types-2.0.4.tgz",
              "integrity": "sha1-hVphKXkUHYBrpRBClKKMcxxup5A=",
              "requires": {
                "mime-db": "1.3.0"
              },
              "dependencies": {
                "mime-db": {
                  "version": "1.3.0",
                  "resolved": "https://registry.npmjs.org/mime-db/-/mime-db-1.3.0.tgz",
                  "integrity": "sha1-X+/rJd2bCXxdRQkcYPgUm5jXSew="
                }
              }
            },
            "negotiator": {
              "version": "0.4.9",
              "resolved": "https://registry.npmjs.org/negotiator/-/negotiator-0.4.9.tgz",
              "integrity": "sha1-kuRrbbU8fkIe1koryU8IvnYw3z8="
            }
          }
        },
        "content-disposition": {
          "version": "0.5.0",
          "resolved": "https://registry.npmjs.org/content-disposition/-/content-disposition-0.5.0.tgz",
          "integrity": "sha1-QoT+auBjCHRjnkToCkGMKTQTXp4="
        },
        "cookie": {
          "version": "0.1.2",
          "resolved": "https://registry.npmjs.org/cookie/-/cookie-0.1.2.tgz",
          "integrity": "sha1-cv7D0k5Io0Mgc9kMEmQgBQYQBLE="
        },
        "cookie-signature": {
          "version": "1.0.5",
          "resolved": "https://registry.npmjs.org/cookie-signature/-/cookie-signature-1.0.5.tgz",
          "integrity": "sha1-oSLj8VA+yg9TVXlbBxG7I2jUUPk="
        },
        "debug": {
          "version": "2.1.0",
          "resolved": "https://registry.npmjs.org/debug/-/debug-2.1.0.tgz",
          "integrity": "sha1-M6uRVlnYwsyKQUQ9lNbr03aX7SE=",
          "requires": {
            "ms": "0.6.2"
          },
          "dependencies": {
            "ms": {
              "version": "0.6.2",
              "resolved": "https://registry.npmjs.org/ms/-/ms-0.6.2.tgz",
              "integrity": "sha1-2JwhJMb9wTU9Zai3e/GqxLGTcIw="
            }
          }
        },
        "depd": {
          "version": "1.0.0",
          "resolved": "https://registry.npmjs.org/depd/-/depd-1.0.0.tgz",
          "integrity": "sha1-L9oNAOmKrihF1Jkasb8fKhmQc9U="
        },
        "escape-html": {
          "version": "1.0.1",
          "resolved": "https://registry.npmjs.org/escape-html/-/escape-html-1.0.1.tgz",
          "integrity": "sha1-GBoobq05ejmpKFfPsdQwUuNWv/A="
        },
        "etag": {
          "version": "1.5.1",
          "resolved": "https://registry.npmjs.org/etag/-/etag-1.5.1.tgz",
          "integrity": "sha1-VMUN4E7kJpVWKSWsVmWIKRvn6eo=",
          "requires": {
            "crc": "3.2.1"
          },
          "dependencies": {
            "crc": {
              "version": "3.2.1",
              "resolved": "https://registry.npmjs.org/crc/-/crc-3.2.1.tgz",
              "integrity": "sha1-XZyPt3okXNXsopHl0tAFM0urAII="
            }
          }
        },
        "finalhandler": {
          "version": "0.3.2",
          "resolved": "https://registry.npmjs.org/finalhandler/-/finalhandler-0.3.2.tgz",
          "integrity": "sha1-ezibD9Nkem+QvVZOImJL+KSnf7U=",
          "requires": {
            "debug": "2.1.0",
            "escape-html": "1.0.1",
            "on-finished": "2.1.1"
          }
        },
        "fresh": {
          "version": "0.2.4",
          "resolved": "https://registry.npmjs.org/fresh/-/fresh-0.2.4.tgz",
          "integrity": "sha1-NYJJkgbJcjcUGQ7ddLRgT+tKYUw="
        },
        "media-typer": {
          "version": "0.3.0",
          "resolved": "https://registry.npmjs.org/media-typer/-/media-typer-0.3.0.tgz",
          "integrity": "sha1-hxDXrwqmJvj/+hzgAWhUUmMlV0g="
        },
        "merge-descriptors": {
          "version": "0.0.2",
          "resolved": "https://registry.npmjs.org/merge-descriptors/-/merge-descriptors-0.0.2.tgz",
          "integrity": "sha1-w2pSp4FDdRPFcnXzndnTF1FKyMc="
        },
        "methods": {
          "version": "1.1.0",
          "resolved": "https://registry.npmjs.org/methods/-/methods-1.1.0.tgz",
          "integrity": "sha1-XcpO4S31L/OwVhRZhqjwHLyGQ28="
        },
        "on-finished": {
          "version": "2.1.1",
          "resolved": "https://registry.npmjs.org/on-finished/-/on-finished-2.1.1.tgz",
          "integrity": "sha1-+CyhyeOk8yhrG5k4YQ5bhja9PLI=",
          "requires": {
            "ee-first": "1.1.0"
          },
          "dependencies": {
            "ee-first": {
              "version": "1.1.0",
              "resolved": "https://registry.npmjs.org/ee-first/-/ee-first-1.1.0.tgz",
              "integrity": "sha1-ag18YiHkkP7v2S7D9EHJzozQl/Q="
            }
          }
        },
        "parseurl": {
          "version": "1.3.0",
          "resolved": "https://registry.npmjs.org/parseurl/-/parseurl-1.3.0.tgz",
          "integrity": "sha1-tYBG20Ij4UWvp2AJ5hush8wigbM="
        },
        "path-to-regexp": {
          "version": "0.1.3",
          "resolved": "https://registry.npmjs.org/path-to-regexp/-/path-to-regexp-0.1.3.tgz",
          "integrity": "sha1-IbmrgidCed4lsVbqCP0SylG4rss="
        },
        "proxy-addr": {
          "version": "1.0.4",
          "resolved": "https://registry.npmjs.org/proxy-addr/-/proxy-addr-1.0.4.tgz",
          "integrity": "sha1-UdvruyLMDrBLd6dthxt1lw8ZjN0=",
          "requires": {
            "forwarded": "0.1.0",
            "ipaddr.js": "0.1.5"
          },
          "dependencies": {
            "forwarded": {
              "version": "0.1.0",
              "resolved": "https://registry.npmjs.org/forwarded/-/forwarded-0.1.0.tgz",
              "integrity": "sha1-Ge+YdMSuHCl7zweP3mOgm2aoQ2M="
            },
            "ipaddr.js": {
              "version": "0.1.5",
              "resolved": "https://registry.npmjs.org/ipaddr.js/-/ipaddr.js-0.1.5.tgz",
              "integrity": "sha1-M9JpPJX71HFRZTKNv+JftPtbvtg="
            }
          }
        },
        "qs": {
          "version": "2.3.3",
          "resolved": "https://registry.npmjs.org/qs/-/qs-2.3.3.tgz",
          "integrity": "sha1-6eha2+ddoLvkyOBHaghikPhjtAQ="
        },
        "range-parser": {
          "version": "1.0.2",
          "resolved": "https://registry.npmjs.org/range-parser/-/range-parser-1.0.2.tgz",
          "integrity": "sha1-BqEqQuUTG6jkV82JIESGfyNE5Uk="
        },
        "send": {
          "version": "0.10.1",
          "resolved": "https://registry.npmjs.org/send/-/send-0.10.1.tgz",
          "integrity": "sha1-d0XFDscvEVEVmA6PsXmuwBkA4Io=",
          "requires": {
            "debug": "2.1.0",
            "depd": "1.0.0",
            "destroy": "1.0.3",
            "escape-html": "1.0.1",
            "etag": "1.5.1",
            "fresh": "0.2.4",
            "mime": "1.2.11",
            "ms": "0.6.2",
            "on-finished": "2.1.1",
            "range-parser": "1.0.2"
          },
          "dependencies": {
            "destroy": {
              "version": "1.0.3",
              "resolved": "https://registry.npmjs.org/destroy/-/destroy-1.0.3.tgz",
              "integrity": "sha1-tDO0ck5x/YVR2YhRdIUcX8N34sk="
            },
            "mime": {
              "version": "1.2.11",
              "resolved": "https://registry.npmjs.org/mime/-/mime-1.2.11.tgz",
              "integrity": "sha1-WCA+7Ybjpe8XrtK32evUfwpg3RA="
            },
            "ms": {
              "version": "0.6.2",
              "resolved": "https://registry.npmjs.org/ms/-/ms-0.6.2.tgz",
              "integrity": "sha1-2JwhJMb9wTU9Zai3e/GqxLGTcIw="
            }
          }
        },
        "serve-static": {
          "version": "1.7.1",
          "resolved": "https://registry.npmjs.org/serve-static/-/serve-static-1.7.1.tgz",
          "integrity": "sha1-bqVNW6fvVj8A5frSXQ5PUwfpgJs=",
          "requires": {
            "escape-html": "1.0.1",
            "parseurl": "1.3.0",
            "send": "0.10.1",
            "utils-merge": "1.0.0"
          }
        },
        "type-is": {
          "version": "1.5.4",
          "resolved": "https://registry.npmjs.org/type-is/-/type-is-1.5.4.tgz",
          "integrity": "sha1-8q/oY13PLRWQliAr5uEgQj+hmDc=",
          "requires": {
            "media-typer": "0.3.0",
            "mime-types": "2.0.4"
          },
          "dependencies": {
            "mime-types": {
              "version": "2.0.4",
              "resolved": "https://registry.npmjs.org/mime-types/-/mime-types-2.0.4.tgz",
              "integrity": "sha1-hVphKXkUHYBrpRBClKKMcxxup5A=",
              "requires": {
                "mime-db": "1.3.0"
              },
              "dependencies": {
                "mime-db": {
                  "version": "1.3.0",
                  "resolved": "https://registry.npmjs.org/mime-db/-/mime-db-1.3.0.tgz",
                  "integrity": "sha1-X+/rJd2bCXxdRQkcYPgUm5jXSew="
                }
              }
            }
          }
        },
        "utils-merge": {
          "version": "1.0.0",
          "resolved": "https://registry.npmjs.org/utils-merge/-/utils-merge-1.0.0.tgz",
          "integrity": "sha1-ApT7kiu5N1FTVBxPcJYjHyh8ivg="
        },
        "vary": {
          "version": "1.0.0",
          "resolved": "https://registry.npmjs.org/vary/-/vary-1.0.0.tgz",
          "integrity": "sha1-xeds7CDTgg2PKpbnvuOHMcNNoec="
        }
      }
    },
    "inherits": {
      "version": "2.0.3",
      "resolved": "https://registry.npmjs.org/inherits/-/inherits-2.0.3.tgz",
      "integrity": "sha1-Yzwsg+PaQqUC9SRmAiSA9CCCYd4="
    },
    "isarray": {
      "version": "0.0.1",
      "resolved": "https://registry.npmjs.org/isarray/-/isarray-0.0.1.tgz",
      "integrity": "sha1-ihis/Kmo9Bd+Cav8YDiTmwXR7t8="
    },
    "request": {
      "version": "2.45.0",
      "resolved": "https://registry.npmjs.org/request/-/request-2.45.0.tgz",
      "integrity": "sha1-KdcToKB/F/sue2GBXSAQaBcY6Tw=",
      "requires": {
        "aws-sign2": "0.5.0",
        "bl": "0.9.3",
        "caseless": "0.6.0",
        "forever-agent": "0.5.2",
        "form-data": "0.1.4",
        "hawk": "1.1.1",
        "http-signature": "0.10.0",
        "json-stringify-safe": "5.0.0",
        "mime-types": "1.0.2",
        "node-uuid": "1.4.1",
        "oauth-sign": "0.4.0",
        "qs": "1.2.2",
        "stringstream": "0.0.4",
        "tough-cookie": "0.12.1",
        "tunnel-agent": "0.4.0"
      },
      "dependencies": {
        "aws-sign2": {
          "version": "0.5.0",
          "resolved": "https://registry.npmjs.org/aws-sign2/-/aws-sign2-0.5.0.tgz",
          "integrity": "sha1-xXED96F/wDfwLXwuZLYC6iI/fWM=",
          "optional": true
        },
        "bl": {
          "version": "0.9.3",
          "resolved": "https://registry.npmjs.org/bl/-/bl-0.9.3.tgz",
          "integrity": "sha1-xB7/PnyzG94QfI8QB20nTv9/fUQ=",
          "requires": {
            "readable-stream": "1.0.34"
          },
          "dependencies": {
            "readable-stream": {
              "version": "1.0.34",
              "resolved": "http://registry.npmjs.org/readable-stream/-/readable-stream-1.0.34.tgz",
              "integrity": "sha1-Elgg40vIQtLyqq+v5MKRbuMsFXw=",
              "requires": {
                "core-util-is": "1.0.2",
                "inherits": "2.0.3",
                "isarray": "0.0.1",
                "string_decoder": "0.10.31"
              }
            }
          }
        },
        "caseless": {
          "version": "0.6.0",
          "resolved": "https://registry.npmjs.org/caseless/-/caseless-0.6.0.tgz",
          "integrity": "sha1-gWfBq4OX+1u5X5bSjlqBxQ8kesQ="
        },
        "forever-agent": {
          "version": "0.5.2",
          "resolved": "https://registry.npmjs.org/forever-agent/-/forever-agent-0.5.2.tgz",
          "integrity": "sha1-bQ4JxJIflKJ/Y9O0nF/v8epMUTA="
        },
        "form-data": {
          "version": "0.1.4",
          "resolved": "https://registry.npmjs.org/form-data/-/form-data-0.1.4.tgz",
          "integrity": "sha1-kavXiKupcCsaq/qLwBAxoqyeOxI=",
          "requires": {
            "async": "0.9.0",
            "combined-stream": "0.0.5",
            "mime": "1.2.11"
          },
          "dependencies": {
            "async": {
              "version": "0.9.0",
              "resolved": "https://registry.npmjs.org/async/-/async-0.9.0.tgz",
              "integrity": "sha1-rDYTsdqb7RtHUQu0ZRuJMeRxRsc="
            },
            "combined-stream": {
              "version": "0.0.5",
              "resolved": "https://registry.npmjs.org/combined-stream/-/combined-stream-0.0.5.tgz",
              "integrity": "sha1-Ke125cmq0HxKz5yj0yYBzOKGl6I=",
              "requires": {
                "delayed-stream": "0.0.5"
              },
              "dependencies": {
                "delayed-stream": {
                  "version": "0.0.5",
                  "resolved": "https://registry.npmjs.org/delayed-stream/-/delayed-stream-0.0.5.tgz",
                  "integrity": "sha1-1LH0OpPoKW3+AmlPRoC8N6MTxz8="
                }
              }
            },
            "mime": {
              "version": "1.2.11",
              "resolved": "https://registry.npmjs.org/mime/-/mime-1.2.11.tgz",
              "integrity": "sha1-WCA+7Ybjpe8XrtK32evUfwpg3RA="
            }
          }
        },
        "hawk": {
          "version": "1.1.1",
          "resolved": "https://registry.npmjs.org/hawk/-/hawk-1.1.1.tgz",
          "integrity": "sha1-h81JH5tG5OKurKM1QWdmiF0tHtk=",
          "optional": true,
          "requires": {
            "boom": "0.4.2",
            "cryptiles": "0.2.2",
            "hoek": "0.9.1",
            "sntp": "0.2.4"
          },
          "dependencies": {
            "boom": {
              "version": "0.4.2",
              "resolved": "https://registry.npmjs.org/boom/-/boom-0.4.2.tgz",
              "integrity": "sha1-emNune1O/O+xnO9JR6PGffrukRs=",
              "requires": {
                "hoek": "0.9.1"
              }
            },
            "cryptiles": {
              "version": "0.2.2",
              "resolved": "https://registry.npmjs.org/cryptiles/-/cryptiles-0.2.2.tgz",
              "integrity": "sha1-7ZH/HxetE9N0gohZT4pIoNJvMlw=",
              "optional": true,
              "requires": {
                "boom": "0.4.2"
              }
            },
            "hoek": {
              "version": "0.9.1",
              "resolved": "https://registry.npmjs.org/hoek/-/hoek-0.9.1.tgz",
              "integrity": "sha1-PTIkYrrfB3Fup+uFuviAec3c5QU="
            },
            "sntp": {
              "version": "0.2.4",
              "resolved": "https://registry.npmjs.org/sntp/-/sntp-0.2.4.tgz",
              "integrity": "sha1-+4hfGLDzqtGJ+CSGJTa87ux1CQA=",
              "optional": true,
              "requires": {
                "hoek": "0.9.1"
              }
            }
          }
        },
        "http-signature": {
          "version": "0.10.0",
          "resolved": "https://registry.npmjs.org/http-signature/-/http-signature-0.10.0.tgz",
          "integrity": "sha1-FJTk9QAKg8DxG8wS1gB8Uwy5lYI=",
          "optional": true,
          "requires": {
            "asn1": "0.1.11",
            "assert-plus": "0.1.2",
            "ctype": "0.5.2"
          },
          "dependencies": {
            "asn1": {
              "version": "0.1.11",
              "resolved": "https://registry.npmjs.org/asn1/-/asn1-0.1.11.tgz",
              "integrity": "sha1-VZvhg3bQik7E2+gId9J4GGObLfc=",
              "optional": true
            },
            "assert-plus": {
              "version": "0.1.2",
              "resolved": "https://registry.npmjs.org/assert-plus/-/assert-plus-0.1.2.tgz",
              "integrity": "sha1-2T/9u2esVQd3m+MWp9ZRRkF77vg=",
              "optional": true
            },
            "ctype": {
              "version": "0.5.2",
              "resolved": "https://registry.npmjs.org/ctype/-/ctype-0.5.2.tgz",
              "integrity": "sha1-/oCR1Gijc6Cwyf+Lv7NCXACXOh0=",
              "optional": true
            }
          }
        },
        "json-stringify-safe": {
          "version": "5.0.0",
          "resolved": "https://registry.npmjs.org/json-stringify-safe/-/json-stringify-safe-5.0.0.tgz",
          "integrity": "sha1-TB8ii1BQg366nSH1DC5uMgYkVm4="
        },
        "mime-types": {
          "version": "1.0.2",
          "resolved": "https://registry.npmjs.org/mime-types/-/mime-types-1.0.2.tgz",
          "integrity": "sha1-mVrhOSq4r/y/yyZB3QVOlDwNXc4="
        },
        "node-uuid": {
          "version": "1.4.1",
          "resolved": "https://registry.npmjs.org/node-uuid/-/node-uuid-1.4.1.tgz",
          "integrity": "sha1-Oa71EOWImj3KnIlbUGxzquG6wEg="
        },
        "oauth-sign": {
          "version": "0.4.0",
          "resolved": "https://registry.npmjs.org/oauth-sign/-/oauth-sign-0.4.0.tgz",
          "integrity": "sha1-8ilW8x6nFRqCHl8vsywRPK2Ln2k=",
          "optional": true
        },
        "qs": {
          "version": "1.2.2",
          "resolved": "https://registry.npmjs.org/qs/-/qs-1.2.2.tgz",
          "integrity": "sha1-GbV/8k3CqZzh+L32r82ln472H4g="
        },
        "stringstream": {
          "version": "0.0.4",
          "resolved": "https://registry.npmjs.org/stringstream/-/stringstream-0.0.4.tgz",
          "integrity": "sha1-Dw40I/lClgtWkqwySlfdCTvEGpI=",
          "optional": true
        },
        "tough-cookie": {
          "version": "0.12.1",
          "resolved": "https://registry.npmjs.org/tough-cookie/-/tough-cookie-0.12.1.tgz",
          "integrity": "sha1-giDH4hq9WxPZaAQlS9WoHr8sfWI=",
          "optional": true,
          "requires": {
            "punycode": "1.3.1"
          },
          "dependencies": {
            "punycode": {
              "version": "1.3.1",
              "resolved": "https://registry.npmjs.org/punycode/-/punycode-1.3.1.tgz",
              "integrity": "sha1-cQr+USPCChUwtxLj5oK5EY/oBY4=",
              "optional": true
            }
          }
        },
        "tunnel-agent": {
          "version": "0.4.0",
          "resolved": "https://registry.npmjs.org/tunnel-agent/-/tunnel-agent-0.4.0.tgz",
          "integrity": "sha1-sRhOMS/7z3CztMeOjCGd5+uxxVA="
        }
      }
    },
    "string_decoder": {
      "version": "0.10.31",
      "resolved": "http://registry.npmjs.org/string_decoder/-/string_decoder-0.10.31.tgz",
      "integrity": "sha1-YuIDvEF2bGwoyfyEMB2rHFMQ+pQ="
    }
  }
}
